// !$*UTF8*$!
{
	archiveVersion = 1;
	classes = {
	};
	objectVersion = 50;
	objects = {

/* Begin PBXBuildFile section */
		54DC25252193DF270022EF9C /* AppDelegate.swift in Sources */ = {isa = PBXBuildFile; fileRef = 54DC25242193DF270022EF9C /* AppDelegate.swift */; };
		54DC25272193DF270022EF9C /* ViewController.swift in Sources */ = {isa = PBXBuildFile; fileRef = 54DC25262193DF270022EF9C /* ViewController.swift */; };
		54DC252A2193DF270022EF9C /* Main.storyboard in Resources */ = {isa = PBXBuildFile; fileRef = 54DC25282193DF270022EF9C /* Main.storyboard */; };
		54DC252C2193DF2A0022EF9C /* Assets.xcassets in Resources */ = {isa = PBXBuildFile; fileRef = 54DC252B2193DF2A0022EF9C /* Assets.xcassets */; };
		54DC252F2193DF2A0022EF9C /* LaunchScreen.storyboard in Resources */ = {isa = PBXBuildFile; fileRef = 54DC252D2193DF2A0022EF9C /* LaunchScreen.storyboard */; };
		54DC253A2193DF2A0022EF9C /* TESTTests.swift in Sources */ = {isa = PBXBuildFile; fileRef = 54DC25392193DF2A0022EF9C /* TESTTests.swift */; };
		54DC25452193DF2A0022EF9C /* TESTUITests.swift in Sources */ = {isa = PBXBuildFile; fileRef = 54DC25442193DF2A0022EF9C /* TESTUITests.swift */; };
/* End PBXBuildFile section */

/* Begin PBXContainerItemProxy section */
		54DC25362193DF2A0022EF9C /* PBXContainerItemProxy */ = {
			isa = PBXContainerItemProxy;
			containerPortal = 54DC25192193DF270022EF9C /* Project object */;
			proxyType = 1;
			remoteGlobalIDString = 54DC25202193DF270022EF9C;
			remoteInfo = TEST;
		};
		54DC25412193DF2A0022EF9C /* PBXContainerItemProxy */ = {
			isa = PBXContainerItemProxy;
			containerPortal = 54DC25192193DF270022EF9C /* Project object */;
			proxyType = 1;
			remoteGlobalIDString = 54DC25202193DF270022EF9C;
			remoteInfo = TEST;
		};
/* End PBXContainerItemProxy section */

/* Begin PBXFileReference section */
		54DC25212193DF270022EF9C /* TEST.app */ = {isa = PBXFileReference; explicitFileType = wrapper.application; includeInIndex = 0; path = TEST.app; sourceTree = BUILT_PRODUCTS_DIR; };
		54DC25242193DF270022EF9C /* AppDelegate.swift */ = {isa = PBXFileReference; lastKnownFileType = sourcecode.swift; path = AppDelegate.swift; sourceTree = "<group>"; };
		54DC25262193DF270022EF9C /* ViewController.swift */ = {isa = PBXFileReference; lastKnownFileType = sourcecode.swift; path = ViewController.swift; sourceTree = "<group>"; };
		54DC25292193DF270022EF9C /* Base */ = {isa = PBXFileReference; lastKnownFileType = file.storyboard; name = Base; path = Base.lproj/Main.storyboard; sourceTree = "<group>"; };
		54DC252B2193DF2A0022EF9C /* Assets.xcassets */ = {isa = PBXFileReference; lastKnownFileType = folder.assetcatalog; path = Assets.xcassets; sourceTree = "<group>"; };
		54DC252E2193DF2A0022EF9C /* Base */ = {isa = PBXFileReference; lastKnownFileType = file.storyboard; name = Base; path = Base.lproj/LaunchScreen.storyboard; sourceTree = "<group>"; };
		54DC25302193DF2A0022EF9C /* Info.plist */ = {isa = PBXFileReference; lastKnownFileType = text.plist.xml; path = Info.plist; sourceTree = "<group>"; };
		54DC25352193DF2A0022EF9C /* TESTTests.xctest */ = {isa = PBXFileReference; explicitFileType = wrapper.cfbundle; includeInIndex = 0; path = TESTTests.xctest; sourceTree = BUILT_PRODUCTS_DIR; };
		54DC25392193DF2A0022EF9C /* TESTTests.swift */ = {isa = PBXFileReference; lastKnownFileType = sourcecode.swift; path = TESTTests.swift; sourceTree = "<group>"; };
		54DC253B2193DF2A0022EF9C /* Info.plist */ = {isa = PBXFileReference; lastKnownFileType = text.plist.xml; path = Info.plist; sourceTree = "<group>"; };
		54DC25402193DF2A0022EF9C /* TESTUITests.xctest */ = {isa = PBXFileReference; explicitFileType = wrapper.cfbundle; includeInIndex = 0; path = TESTUITests.xctest; sourceTree = BUILT_PRODUCTS_DIR; };
		54DC25442193DF2A0022EF9C /* TESTUITests.swift */ = {isa = PBXFileReference; lastKnownFileType = sourcecode.swift; path = TESTUITests.swift; sourceTree = "<group>"; };
		54DC25462193DF2A0022EF9C /* Info.plist */ = {isa = PBXFileReference; lastKnownFileType = text.plist.xml; path = Info.plist; sourceTree = "<group>"; };
/* End PBXFileReference section */

/* Begin PBXFrameworksBuildPhase section */
		54DC251E2193DF270022EF9C /* Frameworks */ = {
			isa = PBXFrameworksBuildPhase;
			buildActionMask = 2147483647;
			files = (
			);
			runOnlyForDeploymentPostprocessing = 0;
		};
		54DC25322193DF2A0022EF9C /* Frameworks */ = {
			isa = PBXFrameworksBuildPhase;
			buildActionMask = 2147483647;
			files = (
			);
			runOnlyForDeploymentPostprocessing = 0;
		};
		54DC253D2193DF2A0022EF9C /* Frameworks */ = {
			isa = PBXFrameworksBuildPhase;
			buildActionMask = 2147483647;
			files = (
			);
			runOnlyForDeploymentPostprocessing = 0;
		};
/* End PBXFrameworksBuildPhase section */

/* Begin PBXGroup section */
		54DC25182193DF270022EF9C = {
			isa = PBXGroup;
			children = (
				54DC25232193DF270022EF9C /* TEST */,
				54DC25382193DF2A0022EF9C /* TESTTests */,
				54DC25432193DF2A0022EF9C /* TESTUITests */,
				54DC25222193DF270022EF9C /* Products */,
			);
			sourceTree = "<group>";
		};
		54DC25222193DF270022EF9C /* Products */ = {
			isa = PBXGroup;
			children = (
				54DC25212193DF270022EF9C /* TEST.app */,
				54DC25352193DF2A0022EF9C /* TESTTests.xctest */,
				54DC25402193DF2A0022EF9C /* TESTUITests.xctest */,
			);
			name = Products;
			sourceTree = "<group>";
		};
		54DC25232193DF270022EF9C /* TEST */ = {
			isa = PBXGroup;
			children = (
				54DC25242193DF270022EF9C /* AppDelegate.swift */,
				54DC25262193DF270022EF9C /* ViewController.swift */,
				54DC25282193DF270022EF9C /* Main.storyboard */,
				54DC252B2193DF2A0022EF9C /* Assets.xcassets */,
				54DC252D2193DF2A0022EF9C /* LaunchScreen.storyboard */,
				54DC25302193DF2A0022EF9C /* Info.plist */,
			);
			path = TEST;
			sourceTree = "<group>";
		};
		54DC25382193DF2A0022EF9C /* TESTTests */ = {
			isa = PBXGroup;
			children = (
				54DC25392193DF2A0022EF9C /* TESTTests.swift */,
				54DC253B2193DF2A0022EF9C /* Info.plist */,
			);
			path = TESTTests;
			sourceTree = "<group>";
		};
		54DC25432193DF2A0022EF9C /* TESTUITests */ = {
			isa = PBXGroup;
			children = (
				54DC25442193DF2A0022EF9C /* TESTUITests.swift */,
				54DC25462193DF2A0022EF9C /* Info.plist */,
			);
			path = TESTUITests;
			sourceTree = "<group>";
		};
/* End PBXGroup section */

/* Begin PBXNativeTarget section */
		54DC25202193DF270022EF9C /* TEST */ = {
			isa = PBXNativeTarget;
			buildConfigurationList = 54DC25492193DF2A0022EF9C /* Build configuration list for PBXNativeTarget "TEST" */;
			buildPhases = (
				54DC251D2193DF270022EF9C /* Sources */,
				54DC251E2193DF270022EF9C /* Frameworks */,
				54DC251F2193DF270022EF9C /* Resources */,
			);
			buildRules = (
			);
			dependencies = (
			);
			name = TEST;
			productName = TEST;
			productReference = 54DC25212193DF270022EF9C /* TEST.app */;
			productType = "com.apple.product-type.application";
		};
		54DC25342193DF2A0022EF9C /* TESTTests */ = {
			isa = PBXNativeTarget;
			buildConfigurationList = 54DC254C2193DF2A0022EF9C /* Build configuration list for PBXNativeTarget "TESTTests" */;
			buildPhases = (
				54DC25312193DF2A0022EF9C /* Sources */,
				54DC25322193DF2A0022EF9C /* Frameworks */,
				54DC25332193DF2A0022EF9C /* Resources */,
			);
			buildRules = (
			);
			dependencies = (
				54DC25372193DF2A0022EF9C /* PBXTargetDependency */,
			);
			name = TESTTests;
			productName = TESTTests;
			productReference = 54DC25352193DF2A0022EF9C /* TESTTests.xctest */;
			productType = "com.apple.product-type.bundle.unit-test";
		};
		54DC253F2193DF2A0022EF9C /* TESTUITests */ = {
			isa = PBXNativeTarget;
			buildConfigurationList = 54DC254F2193DF2A0022EF9C /* Build configuration list for PBXNativeTarget "TESTUITests" */;
			buildPhases = (
				54DC253C2193DF2A0022EF9C /* Sources */,
				54DC253D2193DF2A0022EF9C /* Frameworks */,
				54DC253E2193DF2A0022EF9C /* Resources */,
			);
			buildRules = (
			);
			dependencies = (
				54DC25422193DF2A0022EF9C /* PBXTargetDependency */,
			);
			name = TESTUITests;
			productName = TESTUITests;
			productReference = 54DC25402193DF2A0022EF9C /* TESTUITests.xctest */;
			productType = "com.apple.product-type.bundle.ui-testing";
		};
/* End PBXNativeTarget section */

/* Begin PBXProject section */
		54DC25192193DF270022EF9C /* Project object */ = {
			isa = PBXProject;
			attributes = {
				LastSwiftUpdateCheck = 1000;
				LastUpgradeCheck = 1000;
				ORGANIZATIONNAME = Toan;
				TargetAttributes = {
					54DC25202193DF270022EF9C = {
						CreatedOnToolsVersion = 10.0;
					};
					54DC25342193DF2A0022EF9C = {
						CreatedOnToolsVersion = 10.0;
						TestTargetID = 54DC25202193DF270022EF9C;
					};
					54DC253F2193DF2A0022EF9C = {
						CreatedOnToolsVersion = 10.0;
						TestTargetID = 54DC25202193DF270022EF9C;
					};
				};
			};
			buildConfigurationList = 54DC251C2193DF270022EF9C /* Build configuration list for PBXProject "TEST" */;
			compatibilityVersion = "Xcode 9.3";
			developmentRegion = en;
			hasScannedForEncodings = 0;
			knownRegions = (
				en,
				Base,
			);
			mainGroup = 54DC25182193DF270022EF9C;
			productRefGroup = 54DC25222193DF270022EF9C /* Products */;
			projectDirPath = "";
			projectRoot = "";
			targets = (
				54DC25202193DF270022EF9C /* TEST */,
				54DC25342193DF2A0022EF9C /* TESTTests */,
				54DC253F2193DF2A0022EF9C /* TESTUITests */,
			);
		};
/* End PBXProject section */

/* Begin PBXResourcesBuildPhase section */
		54DC251F2193DF270022EF9C /* Resources */ = {
			isa = PBXResourcesBuildPhase;
			buildActionMask = 2147483647;
			files = (
				54DC252F2193DF2A0022EF9C /* LaunchScreen.storyboard in Resources */,
				54DC252C2193DF2A0022EF9C /* Assets.xcassets in Resources */,
				54DC252A2193DF270022EF9C /* Main.storyboard in Resources */,
			);
			runOnlyForDeploymentPostprocessing = 0;
		};
		54DC25332193DF2A0022EF9C /* Resources */ = {
			isa = PBXResourcesBuildPhase;
			buildActionMask = 2147483647;
			files = (
			);
			runOnlyForDeploymentPostprocessing = 0;
		};
		54DC253E2193DF2A0022EF9C /* Resources */ = {
			isa = PBXResourcesBuildPhase;
			buildActionMask = 2147483647;
			files = (
			);
			runOnlyForDeploymentPostprocessing = 0;
		};
/* End PBXResourcesBuildPhase section */

/* Begin PBXSourcesBuildPhase section */
		54DC251D2193DF270022EF9C /* Sources */ = {
			isa = PBXSourcesBuildPhase;
			buildActionMask = 2147483647;
			files = (
				54DC25272193DF270022EF9C /* ViewController.swift in Sources */,
				54DC25252193DF270022EF9C /* AppDelegate.swift in Sources */,
			);
			runOnlyForDeploymentPostprocessing = 0;
		};
		54DC25312193DF2A0022EF9C /* Sources */ = {
			isa = PBXSourcesBuildPhase;
			buildActionMask = 2147483647;
			files = (
				54DC253A2193DF2A0022EF9C /* TESTTests.swift in Sources */,
			);
			runOnlyForDeploymentPostprocessing = 0;
		};
		54DC253C2193DF2A0022EF9C /* Sources */ = {
			isa = PBXSourcesBuildPhase;
			buildActionMask = 2147483647;
			files = (
				54DC25452193DF2A0022EF9C /* TESTUITests.swift in Sources */,
			);
			runOnlyForDeploymentPostprocessing = 0;
		};
/* End PBXSourcesBuildPhase section */

/* Begin PBXTargetDependency section */
		54DC25372193DF2A0022EF9C /* PBXTargetDependency */ = {
			isa = PBXTargetDependency;
			target = 54DC25202193DF270022EF9C /* TEST */;
			targetProxy = 54DC25362193DF2A0022EF9C /* PBXContainerItemProxy */;
		};
		54DC25422193DF2A0022EF9C /* PBXTargetDependency */ = {
			isa = PBXTargetDependency;
			target = 54DC25202193DF270022EF9C /* TEST */;
			targetProxy = 54DC25412193DF2A0022EF9C /* PBXContainerItemProxy */;
		};
/* End PBXTargetDependency section */

/* Begin PBXVariantGroup section */
		54DC25282193DF270022EF9C /* Main.storyboard */ = {
			isa = PBXVariantGroup;
			children = (
				54DC25292193DF270022EF9C /* Base */,
			);
			name = Main.storyboard;
			sourceTree = "<group>";
		};
		54DC252D2193DF2A0022EF9C /* LaunchScreen.storyboard */ = {
			isa = PBXVariantGroup;
			children = (
				54DC252E2193DF2A0022EF9C /* Base */,
			);
			name = LaunchScreen.storyboard;
			sourceTree = "<group>";
		};
/* End PBXVariantGroup section */

/* Begin XCBuildConfiguration section */
		54DC25472193DF2A0022EF9C /* Debug */ = {
			isa = XCBuildConfiguration;
			buildSettings = {
				ALWAYS_SEARCH_USER_PATHS = NO;
				CLANG_ANALYZER_NONNULL = YES;
				CLANG_ANALYZER_NUMBER_OBJECT_CONVERSION = YES_AGGRESSIVE;
				CLANG_CXX_LANGUAGE_STANDARD = "gnu++14";
				CLANG_CXX_LIBRARY = "libc++";
				CLANG_ENABLE_MODULES = YES;
				CLANG_ENABLE_OBJC_ARC = YES;
				CLANG_ENABLE_OBJC_WEAK = YES;
				CLANG_WARN_BLOCK_CAPTURE_AUTORELEASING = YES;
				CLANG_WARN_BOOL_CONVERSION = YES;
				CLANG_WARN_COMMA = YES;
				CLANG_WARN_CONSTANT_CONVERSION = YES;
				CLANG_WARN_DEPRECATED_OBJC_IMPLEMENTATIONS = YES;
				CLANG_WARN_DIRECT_OBJC_ISA_USAGE = YES_ERROR;
				CLANG_WARN_DOCUMENTATION_COMMENTS = YES;
				CLANG_WARN_EMPTY_BODY = YES;
				CLANG_WARN_ENUM_CONVERSION = YES;
				CLANG_WARN_INFINITE_RECURSION = YES;
				CLANG_WARN_INT_CONVERSION = YES;
				CLANG_WARN_NON_LITERAL_NULL_CONVERSION = YES;
				CLANG_WARN_OBJC_IMPLICIT_RETAIN_SELF = YES;
				CLANG_WARN_OBJC_LITERAL_CONVERSION = YES;
				CLANG_WARN_OBJC_ROOT_CLASS = YES_ERROR;
				CLANG_WARN_RANGE_LOOP_ANALYSIS = YES;
				CLANG_WARN_STRICT_PROTOTYPES = YES;
				CLANG_WARN_SUSPICIOUS_MOVE = YES;
				CLANG_WARN_UNGUARDED_AVAILABILITY = YES_AGGRESSIVE;
				CLANG_WARN_UNREACHABLE_CODE = YES;
				CLANG_WARN__DUPLICATE_METHOD_MATCH = YES;
				CODE_SIGN_IDENTITY = "iPhone Developer";
				COPY_PHASE_STRIP = NO;
				DEBUG_INFORMATION_FORMAT = dwarf;
				ENABLE_STRICT_OBJC_MSGSEND = YES;
				ENABLE_TESTABILITY = YES;
				GCC_C_LANGUAGE_STANDARD = gnu11;
				GCC_DYNAMIC_NO_PIC = NO;
				GCC_NO_COMMON_BLOCKS = YES;
				GCC_OPTIMIZATION_LEVEL = 0;
				GCC_PREPROCESSOR_DEFINITIONS = (
					"DEBUG=1",
					"$(inherited)",
				);
				GCC_WARN_64_TO_32_BIT_CONVERSION = YES;
				GCC_WARN_ABOUT_RETURN_TYPE = YES_ERROR;
				GCC_WARN_UNDECLARED_SELECTOR = YES;
				GCC_WARN_UNINITIALIZED_AUTOS = YES_AGGRESSIVE;
				GCC_WARN_UNUSED_FUNCTION = YES;
				GCC_WARN_UNUSED_VARIABLE = YES;
				IPHONEOS_DEPLOYMENT_TARGET = 12.0;
				MTL_ENABLE_DEBUG_INFO = INCLUDE_SOURCE;
				MTL_FAST_MATH = YES;
				ONLY_ACTIVE_ARCH = YES;
				SDKROOT = iphoneos;
				SWIFT_ACTIVE_COMPILATION_CONDITIONS = DEBUG;
				SWIFT_OPTIMIZATION_LEVEL = "-Onone";
			};
			name = Debug;
		};
		54DC25482193DF2A0022EF9C /* Release */ = {
			isa = XCBuildConfiguration;
			buildSettings = {
				ALWAYS_SEARCH_USER_PATHS = NO;
				CLANG_ANALYZER_NONNULL = YES;
				CLANG_ANALYZER_NUMBER_OBJECT_CONVERSION = YES_AGGRESSIVE;
				CLANG_CXX_LANGUAGE_STANDARD = "gnu++14";
				CLANG_CXX_LIBRARY = "libc++";
				CLANG_ENABLE_MODULES = YES;
				CLANG_ENABLE_OBJC_ARC = YES;
				CLANG_ENABLE_OBJC_WEAK = YES;
				CLANG_WARN_BLOCK_CAPTURE_AUTORELEASING = YES;
				CLANG_WARN_BOOL_CONVERSION = YES;
				CLANG_WARN_COMMA = YES;
				CLANG_WARN_CONSTANT_CONVERSION = YES;
				CLANG_WARN_DEPRECATED_OBJC_IMPLEMENTATIONS = YES;
				CLANG_WARN_DIRECT_OBJC_ISA_USAGE = YES_ERROR;
				CLANG_WARN_DOCUMENTATION_COMMENTS = YES;
				CLANG_WARN_EMPTY_BODY = YES;
				CLANG_WARN_ENUM_CONVERSION = YES;
				CLANG_WARN_INFINITE_RECURSION = YES;
				CLANG_WARN_INT_CONVERSION = YES;
				CLANG_WARN_NON_LITERAL_NULL_CONVERSION = YES;
				CLANG_WARN_OBJC_IMPLICIT_RETAIN_SELF = YES;
				CLANG_WARN_OBJC_LITERAL_CONVERSION = YES;
				CLANG_WARN_OBJC_ROOT_CLASS = YES_ERROR;
				CLANG_WARN_RANGE_LOOP_ANALYSIS = YES;
				CLANG_WARN_STRICT_PROTOTYPES = YES;
				CLANG_WARN_SUSPICIOUS_MOVE = YES;
				CLANG_WARN_UNGUARDED_AVAILABILITY = YES_AGGRESSIVE;
				CLANG_WARN_UNREACHABLE_CODE = YES;
				CLANG_WARN__DUPLICATE_METHOD_MATCH = YES;
				CODE_SIGN_IDENTITY = "iPhone Developer";
				COPY_PHASE_STRIP = NO;
				DEBUG_INFORMATION_FORMAT = "dwarf-with-dsym";
				ENABLE_NS_ASSERTIONS = NO;
				ENABLE_STRICT_OBJC_MSGSEND = YES;
				GCC_C_LANGUAGE_STANDARD = gnu11;
				GCC_NO_COMMON_BLOCKS = YES;
				GCC_WARN_64_TO_32_BIT_CONVERSION = YES;
				GCC_WARN_ABOUT_RETURN_TYPE = YES_ERROR;
				GCC_WARN_UNDECLARED_SELECTOR = YES;
				GCC_WARN_UNINITIALIZED_AUTOS = YES_AGGRESSIVE;
				GCC_WARN_UNUSED_FUNCTION = YES;
				GCC_WARN_UNUSED_VARIABLE = YES;
				IPHONEOS_DEPLOYMENT_TARGET = 12.0;
				MTL_ENABLE_DEBUG_INFO = NO;
				MTL_FAST_MATH = YES;
				SDKROOT = iphoneos;
				SWIFT_COMPILATION_MODE = wholemodule;
				SWIFT_OPTIMIZATION_LEVEL = "-O";
				VALIDATE_PRODUCT = YES;
			};
			name = Release;
		};
		54DC254A2193DF2A0022EF9C /* Debug */ = {
			isa = XCBuildConfiguration;
			buildSettings = {
				ASSETCATALOG_COMPILER_APPICON_NAME = AppIcon;
				CODE_SIGN_STYLE = Automatic;
				INFOPLIST_FILE = TEST/Info.plist;
				LD_RUNPATH_SEARCH_PATHS = (
					"$(inherited)",
					"@executable_path/Frameworks",
				);
				PRODUCT_BUNDLE_IDENTIFIER = DataStructure.TEST;
				PRODUCT_NAME = "$(TARGET_NAME)";
				SWIFT_VERSION = 4.2;
				TARGETED_DEVICE_FAMILY = "1,2";
			};
			name = Debug;
		};
		54DC254B2193DF2A0022EF9C /* Release */ = {
			isa = XCBuildConfiguration;
			buildSettings = {
				ASSETCATALOG_COMPILER_APPICON_NAME = AppIcon;
				CODE_SIGN_STYLE = Automatic;
				INFOPLIST_FILE = TEST/Info.plist;
				LD_RUNPATH_SEARCH_PATHS = (
					"$(inherited)",
					"@executable_path/Frameworks",
				);
				PRODUCT_BUNDLE_IDENTIFIER = DataStructure.TEST;
				PRODUCT_NAME = "$(TARGET_NAME)";
				SWIFT_VERSION = 4.2;
				TARGETED_DEVICE_FAMILY = "1,2";
			};
			name = Release;
		};
		54DC254D2193DF2A0022EF9C /* Debug */ = {
			isa = XCBuildConfiguration;
			buildSettings = {
				ALWAYS_EMBED_SWIFT_STANDARD_LIBRARIES = YES;
				BUNDLE_LOADER = "$(TEST_HOST)";
				CODE_SIGN_STYLE = Automatic;
				INFOPLIST_FILE = TESTTests/Info.plist;
				LD_RUNPATH_SEARCH_PATHS = (
					"$(inherited)",
					"@executable_path/Frameworks",
					"@loader_path/Frameworks",
				);
				PRODUCT_BUNDLE_IDENTIFIER = DataStructure.TESTTests;
				PRODUCT_NAME = "$(TARGET_NAME)";
				SWIFT_VERSION = 4.2;
				TARGETED_DEVICE_FAMILY = "1,2";
				TEST_HOST = "$(BUILT_PRODUCTS_DIR)/TEST.app/TEST";
			};
			name = Debug;
		};
		54DC254E2193DF2A0022EF9C /* Release */ = {
			isa = XCBuildConfiguration;
			buildSettings = {
				ALWAYS_EMBED_SWIFT_STANDARD_LIBRARIES = YES;
				BUNDLE_LOADER = "$(TEST_HOST)";
				CODE_SIGN_STYLE = Automatic;
				INFOPLIST_FILE = TESTTests/Info.plist;
				LD_RUNPATH_SEARCH_PATHS = (
					"$(inherited)",
					"@executable_path/Frameworks",
					"@loader_path/Frameworks",
				);
				PRODUCT_BUNDLE_IDENTIFIER = DataStructure.TESTTests;
				PRODUCT_NAME = "$(TARGET_NAME)";
				SWIFT_VERSION = 4.2;
				TARGETED_DEVICE_FAMILY = "1,2";
				TEST_HOST = "$(BUILT_PRODUCTS_DIR)/TEST.app/TEST";
			};
			name = Release;
		};
		54DC25502193DF2A0022EF9C /* Debug */ = {
			isa = XCBuildConfiguration;
			buildSettings = {
				ALWAYS_EMBED_SWIFT_STANDARD_LIBRARIES = YES;
				CODE_SIGN_STYLE = Automatic;
				INFOPLIST_FILE = TESTUITests/Info.plist;
				LD_RUNPATH_SEARCH_PATHS = (
					"$(inherited)",
					"@executable_path/Frameworks",
					"@loader_path/Frameworks",
				);
				PRODUCT_BUNDLE_IDENTIFIER = DataStructure.TESTUITests;
				PRODUCT_NAME = "$(TARGET_NAME)";
				SWIFT_VERSION = 4.2;
				TARGETED_DEVICE_FAMILY = "1,2";
				TEST_TARGET_NAME = TEST;
			};
			name = Debug;
		};
		54DC25512193DF2A0022EF9C /* Release */ = {
			isa = XCBuildConfiguration;
			buildSettings = {
				ALWAYS_EMBED_SWIFT_STANDARD_LIBRARIES = YES;
				CODE_SIGN_STYLE = Automatic;
				INFOPLIST_FILE = TESTUITests/Info.plist;
				LD_RUNPATH_SEARCH_PATHS = (
					"$(inherited)",
					"@executable_path/Frameworks",
					"@loader_path/Frameworks",
				);
				PRODUCT_BUNDLE_IDENTIFIER = DataStructure.TESTUITests;
				PRODUCT_NAME = "$(TARGET_NAME)";
				SWIFT_VERSION = 4.2;
				TARGETED_DEVICE_FAMILY = "1,2";
				TEST_TARGET_NAME = TEST;
			};
			name = Release;
		};
/* End XCBuildConfiguration section */

/* Begin XCConfigurationList section */
		54DC251C2193DF270022EF9C /* Build configuration list for PBXProject "TEST" */ = {
			isa = XCConfigurationList;
			buildConfigurations = (
				54DC25472193DF2A0022EF9C /* Debug */,
				54DC25482193DF2A0022EF9C /* Release */,
			);
			defaultConfigurationIsVisible = 0;
			defaultConfigurationName = Release;
		};
		54DC25492193DF2A0022EF9C /* Build configuration list for PBXNativeTarget "TEST" */ = {
			isa = XCConfigurationList;
			buildConfigurations = (
				54DC254A2193DF2A0022EF9C /* Debug */,
				54DC254B2193DF2A0022EF9C /* Release */,
			);
			defaultConfigurationIsVisible = 0;
			defaultConfigurationName = Release;
		};
		54DC254C2193DF2A0022EF9C /* Build configuration list for PBXNativeTarget "TESTTests" */ = {
			isa = XCConfigurationList;
			buildConfigurations = (
				54DC254D2193DF2A0022EF9C /* Debug */,
				54DC254E2193DF2A0022EF9C /* Release */,
			);
			defaultConfigurationIsVisible = 0;
			defaultConfigurationName = Release;
		};
		54DC254F2193DF2A0022EF9C /* Build configuration list for PBXNativeTarget "TESTUITests" */ = {
			isa = XCConfigurationList;
			buildConfigurations = (
				54DC25502193DF2A0022EF9C /* Debug */,
				54DC25512193DF2A0022EF9C /* Release */,
			);
			defaultConfigurationIsVisible = 0;
			defaultConfigurationName = Release;
		};
/* End XCConfigurationList section */
	};
	rootObject = 54DC25192193DF270022EF9C /* Project object */;
}
